// !$*UTF8*$!
{
	archiveVersion = 1;
	classes = {
	};
	objectVersion = 50;
	objects = {

/* Begin PBXBuildFile section */
		20ACEFB4215BCA800031E5EA /* GameSetupView.swift in Sources */ = {isa = PBXBuildFile; fileRef = 20ACEFB3215BCA800031E5EA /* GameSetupView.swift */; };
		20B59CA7215548C1006E3A71 /* AppDelegate.swift in Sources */ = {isa = PBXBuildFile; fileRef = 20B59CA6215548C1006E3A71 /* AppDelegate.swift */; };
		20B59CA9215548C1006E3A71 /* ViewController.swift in Sources */ = {isa = PBXBuildFile; fileRef = 20B59CA8215548C1006E3A71 /* ViewController.swift */; };
		20B59CAC215548C1006E3A71 /* Main.storyboard in Resources */ = {isa = PBXBuildFile; fileRef = 20B59CAA215548C1006E3A71 /* Main.storyboard */; };
		20B59CAE215548C4006E3A71 /* Assets.xcassets in Resources */ = {isa = PBXBuildFile; fileRef = 20B59CAD215548C4006E3A71 /* Assets.xcassets */; };
		20B59CB1215548C4006E3A71 /* LaunchScreen.storyboard in Resources */ = {isa = PBXBuildFile; fileRef = 20B59CAF215548C4006E3A71 /* LaunchScreen.storyboard */; };
/* End PBXBuildFile section */

/* Begin PBXFileReference section */
		20ACEFB3215BCA800031E5EA /* GameSetupView.swift */ = {isa = PBXFileReference; lastKnownFileType = sourcecode.swift; path = GameSetupView.swift; sourceTree = "<group>"; };
		20B59CA3215548C1006E3A71 /* Guessing-Game.app */ = {isa = PBXFileReference; explicitFileType = wrapper.application; includeInIndex = 0; path = "Guessing-Game.app"; sourceTree = BUILT_PRODUCTS_DIR; };
		20B59CA6215548C1006E3A71 /* AppDelegate.swift */ = {isa = PBXFileReference; lastKnownFileType = sourcecode.swift; path = AppDelegate.swift; sourceTree = "<group>"; };
		20B59CA8215548C1006E3A71 /* ViewController.swift */ = {isa = PBXFileReference; lastKnownFileType = sourcecode.swift; path = ViewController.swift; sourceTree = "<group>"; };
		20B59CAB215548C1006E3A71 /* Base */ = {isa = PBXFileReference; lastKnownFileType = file.storyboard; name = Base; path = Base.lproj/Main.storyboard; sourceTree = "<group>"; };
		20B59CAD215548C4006E3A71 /* Assets.xcassets */ = {isa = PBXFileReference; lastKnownFileType = folder.assetcatalog; path = Assets.xcassets; sourceTree = "<group>"; };
		20B59CB0215548C4006E3A71 /* Base */ = {isa = PBXFileReference; lastKnownFileType = file.storyboard; name = Base; path = Base.lproj/LaunchScreen.storyboard; sourceTree = "<group>"; };
		20B59CB2215548C4006E3A71 /* Info.plist */ = {isa = PBXFileReference; lastKnownFileType = text.plist.xml; path = Info.plist; sourceTree = "<group>"; };
/* End PBXFileReference section */

/* Begin PBXFrameworksBuildPhase section */
		20B59CA0215548C1006E3A71 /* Frameworks */ = {
			isa = PBXFrameworksBuildPhase;
			buildActionMask = 2147483647;
			files = (
			);
			runOnlyForDeploymentPostprocessing = 0;
		};
/* End PBXFrameworksBuildPhase section */

/* Begin PBXGroup section */
		20B59C9A215548C1006E3A71 = {
			isa = PBXGroup;
			children = (
				20B59CA5215548C1006E3A71 /* Guessing-Game */,
				20B59CA4215548C1006E3A71 /* Products */,
			);
			sourceTree = "<group>";
		};
		20B59CA4215548C1006E3A71 /* Products */ = {
			isa = PBXGroup;
			children = (
				20B59CA3215548C1006E3A71 /* Guessing-Game.app */,
			);
			name = Products;
			sourceTree = "<group>";
		};
		20B59CA5215548C1006E3A71 /* Guessing-Game */ = {
			isa = PBXGroup;
			children = (
				20B59CA6215548C1006E3A71 /* AppDelegate.swift */,
				20B59CA8215548C1006E3A71 /* ViewController.swift */,
				20B59CAA215548C1006E3A71 /* Main.storyboard */,
				20B59CAD215548C4006E3A71 /* Assets.xcassets */,
				20B59CAF215548C4006E3A71 /* LaunchScreen.storyboard */,
				20B59CB2215548C4006E3A71 /* Info.plist */,
				20ACEFB3215BCA800031E5EA /* GameSetupView.swift */,
			);
			path = "Guessing-Game";
			sourceTree = "<group>";
		};
/* End PBXGroup section */

/* Begin PBXNativeTarget section */
		20B59CA2215548C1006E3A71 /* Guessing-Game */ = {
			isa = PBXNativeTarget;
			buildConfigurationList = 20B59CB5215548C4006E3A71 /* Build configuration list for PBXNativeTarget "Guessing-Game" */;
			buildPhases = (
				20B59C9F215548C1006E3A71 /* Sources */,
				20B59CA0215548C1006E3A71 /* Frameworks */,
				20B59CA1215548C1006E3A71 /* Resources */,
			);
			buildRules = (
			);
			dependencies = (
			);
			name = "Guessing-Game";
			productName = "Guessing-Game";
			productReference = 20B59CA3215548C1006E3A71 /* Guessing-Game.app */;
			productType = "com.apple.product-type.application";
		};
/* End PBXNativeTarget section */

/* Begin PBXProject section */
		20B59C9B215548C1006E3A71 /* Project object */ = {
			isa = PBXProject;
			attributes = {
				LastSwiftUpdateCheck = 1000;
				LastUpgradeCheck = 1000;
				ORGANIZATIONNAME = "Brian Sadler";
				TargetAttributes = {
					20B59CA2215548C1006E3A71 = {
						CreatedOnToolsVersion = 10.0;
					};
				};
			};
			buildConfigurationList = 20B59C9E215548C1006E3A71 /* Build configuration list for PBXProject "Guessing-Game" */;
			compatibilityVersion = "Xcode 9.3";
			developmentRegion = en;
			hasScannedForEncodings = 0;
			knownRegions = (
				en,
				Base,
			);
			mainGroup = 20B59C9A215548C1006E3A71;
			productRefGroup = 20B59CA4215548C1006E3A71 /* Products */;
			projectDirPath = "";
			projectRoot = "";
			targets = (
				20B59CA2215548C1006E3A71 /* Guessing-Game */,
			);
		};
/* End PBXProject section */

/* Begin PBXResourcesBuildPhase section */
		20B59CA1215548C1006E3A71 /* Resources */ = {
			isa = PBXResourcesBuildPhase;
			buildActionMask = 2147483647;
			files = (
				20B59CB1215548C4006E3A71 /* LaunchScreen.storyboard in Resources */,
				20B59CAE215548C4006E3A71 /* Assets.xcassets in Resources */,
				20B59CAC215548C1006E3A71 /* Main.storyboard in Resources */,
			);
			runOnlyForDeploymentPostprocessing = 0;
		};
/* End PBXResourcesBuildPhase section */

/* Begin PBXSourcesBuildPhase section */
		20B59C9F215548C1006E3A71 /* Sources */ = {
			isa = PBXSourcesBuildPhase;
			buildActionMask = 2147483647;
			files = (
				20B59CA9215548C1006E3A71 /* ViewController.swift in Sources */,
				20ACEFB4215BCA800031E5EA /* GameSetupView.swift in Sources */,
				20B59CA7215548C1006E3A71 /* AppDelegate.swift in Sources */,
			);
			runOnlyForDeploymentPostprocessing = 0;
		};
/* End PBXSourcesBuildPhase section */

/* Begin PBXVariantGroup section */
		20B59CAA215548C1006E3A71 /* Main.storyboard */ = {
			isa = PBXVariantGroup;
			children = (
				20B59CAB215548C1006E3A71 /* Base */,
			);
			name = Main.storyboard;
			sourceTree = "<group>";
		};
		20B59CAF215548C4006E3A71 /* LaunchScreen.storyboard */ = {
			isa = PBXVariantGroup;
			children = (
				20B59CB0215548C4006E3A71 /* Base */,
			);
			name = LaunchScreen.storyboard;
			sourceTree = "<group>";
		};
/* End PBXVariantGroup section */

/* Begin XCBuildConfiguration section */
		20B59CB3215548C4006E3A71 /* Debug */ = {
			isa = XCBuildConfiguration;
			buildSettings = {
				ALWAYS_SEARCH_USER_PATHS = NO;
				CLANG_ANALYZER_NONNULL = YES;
				CLANG_ANALYZER_NUMBER_OBJECT_CONVERSION = YES_AGGRESSIVE;
				CLANG_CXX_LANGUAGE_STANDARD = "gnu++14";
				CLANG_CXX_LIBRARY = "libc++";
				CLANG_ENABLE_MODULES = YES;
				CLANG_ENABLE_OBJC_ARC = YES;
				CLANG_ENABLE_OBJC_WEAK = YES;
				CLANG_WARN_BLOCK_CAPTURE_AUTORELEASING = YES;
				CLANG_WARN_BOOL_CONVERSION = YES;
				CLANG_WARN_COMMA = YES;
				CLANG_WARN_CONSTANT_CONVERSION = YES;
				CLANG_WARN_DEPRECATED_OBJC_IMPLEMENTATIONS = YES;
				CLANG_WARN_DIRECT_OBJC_ISA_USAGE = YES_ERROR;
				CLANG_WARN_DOCUMENTATION_COMMENTS = YES;
				CLANG_WARN_EMPTY_BODY = YES;
				CLANG_WARN_ENUM_CONVERSION = YES;
				CLANG_WARN_INFINITE_RECURSION = YES;
				CLANG_WARN_INT_CONVERSION = YES;
				CLANG_WARN_NON_LITERAL_NULL_CONVERSION = YES;
				CLANG_WARN_OBJC_IMPLICIT_RETAIN_SELF = YES;
				CLANG_WARN_OBJC_LITERAL_CONVERSION = YES;
				CLANG_WARN_OBJC_ROOT_CLASS = YES_ERROR;
				CLANG_WARN_RANGE_LOOP_ANALYSIS = YES;
				CLANG_WARN_STRICT_PROTOTYPES = YES;
				CLANG_WARN_SUSPICIOUS_MOVE = YES;
				CLANG_WARN_UNGUARDED_AVAILABILITY = YES_AGGRESSIVE;
				CLANG_WARN_UNREACHABLE_CODE = YES;
				CLANG_WARN__DUPLICATE_METHOD_MATCH = YES;
				CODE_SIGN_IDENTITY = "iPhone Developer";
				COPY_PHASE_STRIP = NO;
				DEBUG_INFORMATION_FORMAT = dwarf;
				ENABLE_STRICT_OBJC_MSGSEND = YES;
				ENABLE_TESTABILITY = YES;
				GCC_C_LANGUAGE_STANDARD = gnu11;
				GCC_DYNAMIC_NO_PIC = NO;
				GCC_NO_COMMON_BLOCKS = YES;
				GCC_OPTIMIZATION_LEVEL = 0;
				GCC_PREPROCESSOR_DEFINITIONS = (
					"DEBUG=1",
					"$(inherited)",
				);
				GCC_WARN_64_TO_32_BIT_CONVERSION = YES;
				GCC_WARN_ABOUT_RETURN_TYPE = YES_ERROR;
				GCC_WARN_UNDECLARED_SELECTOR = YES;
				GCC_WARN_UNINITIALIZED_AUTOS = YES_AGGRESSIVE;
				GCC_WARN_UNUSED_FUNCTION = YES;
				GCC_WARN_UNUSED_VARIABLE = YES;
				IPHONEOS_DEPLOYMENT_TARGET = 12.0;
				MTL_ENABLE_DEBUG_INFO = INCLUDE_SOURCE;
				MTL_FAST_MATH = YES;
				ONLY_ACTIVE_ARCH = YES;
				SDKROOT = iphoneos;
				SWIFT_ACTIVE_COMPILATION_CONDITIONS = DEBUG;
				SWIFT_OPTIMIZATION_LEVEL = "-Onone";
			};
			name = Debug;
		};
		20B59CB4215548C4006E3A71 /* Release */ = {
			isa = XCBuildConfiguration;
			buildSettings = {
				ALWAYS_SEARCH_USER_PATHS = NO;
				CLANG_ANALYZER_NONNULL = YES;
				CLANG_ANALYZER_NUMBER_OBJECT_CONVERSION = YES_AGGRESSIVE;
				CLANG_CXX_LANGUAGE_STANDARD = "gnu++14";
				CLANG_CXX_LIBRARY = "libc++";
				CLANG_ENABLE_MODULES = YES;
				CLANG_ENABLE_OBJC_ARC = YES;
				CLANG_ENABLE_OBJC_WEAK = YES;
				CLANG_WARN_BLOCK_CAPTURE_AUTORELEASING = YES;
				CLANG_WARN_BOOL_CONVERSION = YES;
				CLANG_WARN_COMMA = YES;
				CLANG_WARN_CONSTANT_CONVERSION = YES;
				CLANG_WARN_DEPRECATED_OBJC_IMPLEMENTATIONS = YES;
				CLANG_WARN_DIRECT_OBJC_ISA_USAGE = YES_ERROR;
				CLANG_WARN_DOCUMENTATION_COMMENTS = YES;
				CLANG_WARN_EMPTY_BODY = YES;
				CLANG_WARN_ENUM_CONVERSION = YES;
				CLANG_WARN_INFINITE_RECURSION = YES;
				CLANG_WARN_INT_CONVERSION = YES;
				CLANG_WARN_NON_LITERAL_NULL_CONVERSION = YES;
				CLANG_WARN_OBJC_IMPLICIT_RETAIN_SELF = YES;
				CLANG_WARN_OBJC_LITERAL_CONVERSION = YES;
				CLANG_WARN_OBJC_ROOT_CLASS = YES_ERROR;
				CLANG_WARN_RANGE_LOOP_ANALYSIS = YES;
				CLANG_WARN_STRICT_PROTOTYPES = YES;
				CLANG_WARN_SUSPICIOUS_MOVE = YES;
				CLANG_WARN_UNGUARDED_AVAILABILITY = YES_AGGRESSIVE;
				CLANG_WARN_UNREACHABLE_CODE = YES;
				CLANG_WARN__DUPLICATE_METHOD_MATCH = YES;
				CODE_SIGN_IDENTITY = "iPhone Developer";
				COPY_PHASE_STRIP = NO;
				DEBUG_INFORMATION_FORMAT = "dwarf-with-dsym";
				ENABLE_NS_ASSERTIONS = NO;
				ENABLE_STRICT_OBJC_MSGSEND = YES;
				GCC_C_LANGUAGE_STANDARD = gnu11;
				GCC_NO_COMMON_BLOCKS = YES;
				GCC_WARN_64_TO_32_BIT_CONVERSION = YES;
				GCC_WARN_ABOUT_RETURN_TYPE = YES_ERROR;
				GCC_WARN_UNDECLARED_SELECTOR = YES;
				GCC_WARN_UNINITIALIZED_AUTOS = YES_AGGRESSIVE;
				GCC_WARN_UNUSED_FUNCTION = YES;
				GCC_WARN_UNUSED_VARIABLE = YES;
				IPHONEOS_DEPLOYMENT_TARGET = 12.0;
				MTL_ENABLE_DEBUG_INFO = NO;
				MTL_FAST_MATH = YES;
				SDKROOT = iphoneos;
				SWIFT_COMPILATION_MODE = wholemodule;
				SWIFT_OPTIMIZATION_LEVEL = "-O";
				VALIDATE_PRODUCT = YES;
			};
			name = Release;
		};
		20B59CB6215548C4006E3A71 /* Debug */ = {
			isa = XCBuildConfiguration;
			buildSettings = {
				ASSETCATALOG_COMPILER_APPICON_NAME = AppIcon;
				CODE_SIGN_STYLE = Automatic;
				DEVELOPMENT_TEAM = LDT525N94J;
				INFOPLIST_FILE = "Guessing-Game/Info.plist";
				LD_RUNPATH_SEARCH_PATHS = (
					"$(inherited)",
					"@executable_path/Frameworks",
				);
				PRODUCT_BUNDLE_IDENTIFIER = "interapt.Guessing-Game";
				PRODUCT_NAME = "$(TARGET_NAME)";
				SWIFT_VERSION = 4.2;
				TARGETED_DEVICE_FAMILY = "1,2";
			};
			name = Debug;
		};
		20B59CB7215548C4006E3A71 /* Release */ = {
			isa = XCBuildConfiguration;
			buildSettings = {
				ASSETCATALOG_COMPILER_APPICON_NAME = AppIcon;
				CODE_SIGN_STYLE = Automatic;
				DEVELOPMENT_TEAM = LDT525N94J;
				INFOPLIST_FILE = "Guessing-Game/Info.plist";
				LD_RUNPATH_SEARCH_PATHS = (
					"$(inherited)",
					"@executable_path/Frameworks",
				);
				PRODUCT_BUNDLE_IDENTIFIER = "interapt.Guessing-Game";
				PRODUCT_NAME = "$(TARGET_NAME)";
				SWIFT_VERSION = 4.2;
				TARGETED_DEVICE_FAMILY = "1,2";
			};
			name = Release;
		};
/* End XCBuildConfiguration section */

/* Begin XCConfigurationList section */
		20B59C9E215548C1006E3A71 /* Build configuration list for PBXProject "Guessing-Game" */ = {
			isa = XCConfigurationList;
			buildConfigurations = (
				20B59CB3215548C4006E3A71 /* Debug */,
				20B59CB4215548C4006E3A71 /* Release */,
			);
			defaultConfigurationIsVisible = 0;
			defaultConfigurationName = Release;
		};
		20B59CB5215548C4006E3A71 /* Build configuration list for PBXNativeTarget "Guessing-Game" */ = {
			isa = XCConfigurationList;
			buildConfigurations = (
				20B59CB6215548C4006E3A71 /* Debug */,
				20B59CB7215548C4006E3A71 /* Release */,
			);
			defaultConfigurationIsVisible = 0;
			defaultConfigurationName = Release;
		};
/* End XCConfigurationList section */
	};
	rootObject = 20B59C9B215548C1006E3A71 /* Project object */;
}
